
Microsoft Visual Studio Solution File, Format Version 12.00
# Visual Studio Version 17
VisualStudioVersion = 17.1.32421.90
MinimumVisualStudioVersion = 10.0.40219.1
Project("{FAE04EC0-301F-11D3-BF4B-00C04F79EFBC}") = "GeradorDeClasses", "GeradorDeClasses\GeradorDeClasses.csproj", "{45B12A68-B550-45DD-8AAB-4CCC013DF176}"
EndProject
Global
	GlobalSection(SolutionConfigurationPlatforms) = preSolution
		Debug|Any CPU = Debug|Any CPU
		Release|Any CPU = Release|Any CPU
	EndGlobalSection
	GlobalSection(ProjectConfigurationPlatforms) = postSolution
		{45B12A68-B550-45DD-8AAB-4CCC013DF176}.Debug|Any CPU.ActiveCfg = Debug|Any CPU
		{45B12A68-B550-45DD-8AAB-4CCC013DF176}.Debug|Any CPU.Build.0 = Debug|Any CPU
		{45B12A68-B550-45DD-8AAB-4CCC013DF176}.Release|Any CPU.ActiveCfg = Release|Any CPU
		{45B12A68-B550-45DD-8AAB-4CCC013DF176}.Release|Any CPU.Build.0 = Release|Any CPU
	EndGlobalSection
	GlobalSection(SolutionProperties) = preSolution
		HideSolutionNode = FALSE
	EndGlobalSection
	GlobalSection(ExtensibilityGlobals) = postSolution
		SolutionGuid = {8A3C5C1D-60B8-4ADC-B0F5-E6B7AFAAEDAD}
	EndGlobalSection
EndGlobal
